{
  "version": 4,
  "terraform_version": "0.12.26",
  "serial": 51,
  "lineage": "26401866-d2d0-5f9e-6922-0550718aee43",
  "outputs": {},
  "resources": [
    {
      "mode": "managed",
      "type": "aws_cloudfront_distribution",
      "name": "terratask1_cloudfront_distribution",
      "provider": "provider.aws",
      "instances": [
        {
          "schema_version": 1,
          "attributes": {
            "active_trusted_signers": {
              "enabled": "false",
              "items.#": "0"
            },
            "aliases": [],
            "arn": "arn:aws:cloudfront::120918629104:distribution/E2NF769SO0ZFIJ",
            "cache_behavior": [],
            "caller_reference": "terraform-20200617203459033800000001",
            "comment": null,
            "custom_error_response": [],
            "default_cache_behavior": [
              {
                "allowed_methods": [
                  "DELETE",
                  "GET",
                  "HEAD",
                  "OPTIONS",
                  "PATCH",
                  "POST",
                  "PUT"
                ],
                "cached_methods": [
                  "GET",
                  "HEAD"
                ],
                "compress": false,
                "default_ttl": 86400,
                "field_level_encryption_id": "",
                "forwarded_values": [
                  {
                    "cookies": [
                      {
                        "forward": "none",
                        "whitelisted_names": []
                      }
                    ],
                    "headers": [],
                    "query_string": false,
                    "query_string_cache_keys": []
                  }
                ],
                "lambda_function_association": [],
                "max_ttl": 31536000,
                "min_ttl": 0,
                "smooth_streaming": false,
                "target_origin_id": "myS3Origin",
                "trusted_signers": [],
                "viewer_protocol_policy": "allow-all"
              }
            ],
            "default_root_object": "",
            "domain_name": "d10i505guznpf7.cloudfront.net",
            "enabled": true,
            "etag": "E8SYTOEJBWN8I",
            "hosted_zone_id": "Z2FDTNDATAQYW2",
            "http_version": "http2",
            "id": "E2NF769SO0ZFIJ",
            "in_progress_validation_batches": 0,
            "is_ipv6_enabled": true,
            "last_modified_time": "2020-06-17 20:35:01.241 +0000 UTC",
            "logging_config": [],
            "ordered_cache_behavior": [],
            "origin": [
              {
                "custom_header": [],
                "custom_origin_config": [],
                "domain_name": "terra-task1-bucket-deepak.s3.ap-south-1.amazonaws.com",
                "origin_id": "myS3Origin",
                "origin_path": "",
                "s3_origin_config": []
              }
            ],
            "origin_group": [],
            "price_class": "PriceClass_All",
            "restrictions": [
              {
                "geo_restriction": [
                  {
                    "locations": [],
                    "restriction_type": "none"
                  }
                ]
              }
            ],
            "retain_on_delete": false,
            "status": "Deployed",
            "tags": {},
            "viewer_certificate": [
              {
                "acm_certificate_arn": "",
                "cloudfront_default_certificate": true,
                "iam_certificate_id": "",
                "minimum_protocol_version": "TLSv1",
                "ssl_support_method": ""
              }
            ],
            "wait_for_deployment": true,
            "web_acl_id": ""
          },
          "private": "eyJzY2hlbWFfdmVyc2lvbiI6IjEifQ==",
          "dependencies": [
            "aws_instance.firstos1",
            "aws_s3_bucket.terratask1bucket",
            "tls_private_key.key-pair"
          ]
        }
      ]
    },
    {
      "mode": "managed",
      "type": "aws_cloudfront_origin_access_identity",
      "name": "taskoai",
      "provider": "provider.aws",
      "instances": [
        {
          "schema_version": 0,
          "attributes": {
            "caller_reference": "terraform-20200617193333836900000001",
            "cloudfront_access_identity_path": "origin-access-identity/cloudfront/E9FKJ7OP7KW1T",
            "comment": "OAI",
            "etag": "E2KKNFE1YLBPW1",
            "iam_arn": "arn:aws:iam::cloudfront:user/CloudFront Origin Access Identity E9FKJ7OP7KW1T",
            "id": "E9FKJ7OP7KW1T",
            "s3_canonical_user_id": "47806bec49703253c9d0314de80b119aa508b33329eec0f281de2bea5b8f5f0b11bf02c5a49110eaf4c046e8742a5066"
          },
          "private": "bnVsbA=="
        }
      ]
    },
    {
      "mode": "managed",
      "type": "aws_ebs_volume",
      "name": "ebs",
      "provider": "provider.aws",
      "instances": [
        {
          "schema_version": 0,
          "attributes": {
            "arn": "arn:aws:ec2:ap-south-1:120918629104:volume/vol-006054c367df883d3",
            "availability_zone": "ap-south-1a",
            "encrypted": false,
            "id": "vol-006054c367df883d3",
            "iops": 100,
            "kms_key_id": "",
            "multi_attach_enabled": false,
            "outpost_arn": "",
            "size": 1,
            "snapshot_id": "",
            "tags": {
              "Name": "task1_ebs"
            },
            "type": "gp2"
          },
          "private": "bnVsbA==",
          "dependencies": [
            "aws_instance.firstos1",
            "tls_private_key.key-pair"
          ]
        }
      ]
    },
    {
      "mode": "managed",
      "type": "aws_instance",
      "name": "firstos1",
      "provider": "provider.aws",
      "instances": [
        {
          "schema_version": 1,
          "attributes": {
            "ami": "ami-0447a12f28fddb066",
            "arn": "arn:aws:ec2:ap-south-1:120918629104:instance/i-00eb3620cb0ebefc0",
            "associate_public_ip_address": true,
            "availability_zone": "ap-south-1a",
            "cpu_core_count": 1,
            "cpu_threads_per_core": 1,
            "credit_specification": [
              {
                "cpu_credits": "standard"
              }
            ],
            "disable_api_termination": false,
            "ebs_block_device": [
              {
                "delete_on_termination": false,
                "device_name": "/dev/sdd",
                "encrypted": false,
                "iops": 100,
                "kms_key_id": "",
                "snapshot_id": "",
                "volume_id": "vol-006054c367df883d3",
                "volume_size": 1,
                "volume_type": "gp2"
              }
            ],
            "ebs_optimized": false,
            "ephemeral_block_device": [],
            "get_password_data": false,
            "hibernation": false,
            "host_id": null,
            "iam_instance_profile": "",
            "id": "i-00eb3620cb0ebefc0",
            "instance_initiated_shutdown_behavior": null,
            "instance_state": "running",
            "instance_type": "t2.micro",
            "ipv6_address_count": 0,
            "ipv6_addresses": [],
            "key_name": "DeepakT1",
            "metadata_options": [
              {
                "http_endpoint": "enabled",
                "http_put_response_hop_limit": 1,
                "http_tokens": "optional"
              }
            ],
            "monitoring": false,
            "network_interface": [],
            "network_interface_id": null,
            "outpost_arn": "",
            "password_data": "",
            "placement_group": "",
            "primary_network_interface_id": "eni-0985da2f365d35697",
            "private_dns": "ip-172-31-39-117.ap-south-1.compute.internal",
            "private_ip": "172.31.39.117",
            "public_dns": "ec2-13-235-17-70.ap-south-1.compute.amazonaws.com",
            "public_ip": "13.235.17.70",
            "root_block_device": [
              {
                "delete_on_termination": true,
                "device_name": "/dev/xvda",
                "encrypted": false,
                "iops": 100,
                "kms_key_id": "",
                "volume_id": "vol-0cc611a64b4736e84",
                "volume_size": 8,
                "volume_type": "gp2"
              }
            ],
            "security_groups": [
              "task1-securitygroup"
            ],
            "source_dest_check": true,
            "subnet_id": "subnet-23f6cc4b",
            "tags": {
              "Name": "webserver"
            },
            "tenancy": "default",
            "timeouts": null,
            "user_data": null,
            "user_data_base64": null,
            "volume_tags": {
              "Name": "task1_ebs"
            },
            "vpc_security_group_ids": [
              "sg-055c69e70beefea60"
            ]
          },
          "private": "eyJlMmJmYjczMC1lY2FhLTExZTYtOGY4OC0zNDM2M2JjN2M0YzAiOnsiY3JlYXRlIjo2MDAwMDAwMDAwMDAsImRlbGV0ZSI6MTIwMDAwMDAwMDAwMCwidXBkYXRlIjo2MDAwMDAwMDAwMDB9LCJzY2hlbWFfdmVyc2lvbiI6IjEifQ==",
          "dependencies": [
            "tls_private_key.key-pair"
          ]
        }
      ]
    },
    {
      "mode": "managed",
      "type": "aws_key_pair",
      "name": "key",
      "provider": "provider.aws",
      "instances": [
        {
          "schema_version": 1,
          "attributes": {
            "fingerprint": "c7:fa:2c:53:65:fd:4b:1d:d8:48:d1:1b:31:30:2c:3b",
            "id": "DeepakT1",
            "key_name": "DeepakT1",
            "key_name_prefix": null,
            "key_pair_id": "key-0aa5232d8d8916eae",
            "public_key": "ssh-rsa AAAAB3NzaC1yc2EAAAADAQABAAABAQC93H+Od/WauWPYu4ckgscrrc2u+a8fN0YHJoH2dcbT+YS9XIVbqADNwwC8Tct1/eEPXm2lMd7Jz+wUCrUaA6fFJ1YzRshdu36QmVxfzu3n+UEV3yyqtiyZ/Fvie+UaC9FJofEJwtaih9c7a0xGjeTEntHmcIHRhufYX++mTX9W5fqAqhDOsIE6k+TOruFoLeG4uSDJmi/l4F3qLb0+9wppOMeQh87W+9y8gcrMvbOzr2uVSu09VPUl7d2FqAfeVaAmU5DlHGYZZ9mP65QkJi2i4Jd175aeej5MGTVCB85o+UxBfAnmBv91R1BOwmnwyQPvsH5arfurvZUrgLyenawF",
            "tags": {}
          },
          "private": "eyJzY2hlbWFfdmVyc2lvbiI6IjEifQ==",
          "dependencies": [
            "tls_private_key.key-pair"
          ]
        }
      ]
    },
    {
      "mode": "managed",
      "type": "aws_s3_bucket",
      "name": "terratask1bucket",
      "provider": "provider.aws",
      "instances": [
        {
          "schema_version": 0,
          "attributes": {
            "acceleration_status": "",
            "acl": "public-read",
            "arn": "arn:aws:s3:::terra-task1-bucket-deepak",
            "bucket": "terra-task1-bucket-deepak",
            "bucket_domain_name": "terra-task1-bucket-deepak.s3.amazonaws.com",
            "bucket_prefix": null,
            "bucket_regional_domain_name": "terra-task1-bucket-deepak.s3.ap-south-1.amazonaws.com",
            "cors_rule": [],
            "force_destroy": false,
            "grant": [],
            "hosted_zone_id": "Z11RGJOFQNVJUP",
            "id": "terra-task1-bucket-deepak",
            "lifecycle_rule": [],
            "logging": [],
            "object_lock_configuration": [],
            "policy": null,
            "region": "ap-south-1",
            "replication_configuration": [],
            "request_payer": "BucketOwner",
            "server_side_encryption_configuration": [],
            "tags": {
              "Name": "terra-task1-bucket-deepak"
            },
            "versioning": [
              {
                "enabled": false,
                "mfa_delete": false
              }
            ],
            "website": [],
            "website_domain": null,
            "website_endpoint": null
          },
          "private": "bnVsbA=="
        }
      ]
    },
    {
      "mode": "managed",
      "type": "aws_s3_bucket_object",
      "name": "terratask1object",
      "provider": "provider.aws",
      "instances": [
        {
          "schema_version": 0,
          "attributes": {
            "acl": "public-read",
            "bucket": "terra-task1-bucket-deepak",
            "cache_control": "",
            "content": null,
            "content_base64": null,
            "content_disposition": "",
            "content_encoding": "",
            "content_language": "",
            "content_type": "binary/octet-stream",
            "etag": "a2b74bcbc6cbe6625b8b2c0b0ac60a73",
            "force_destroy": false,
            "id": "ab.jpg",
            "key": "ab.jpg",
            "kms_key_id": null,
            "metadata": {},
            "object_lock_legal_hold_status": "",
            "object_lock_mode": "",
            "object_lock_retain_until_date": "",
            "server_side_encryption": "",
            "source": "C:/Users/Jarvis/Desktop/tera/task1/ab.jpg",
            "storage_class": "STANDARD",
            "tags": {},
            "version_id": "",
            "website_redirect": ""
          },
          "private": "bnVsbA==",
          "dependencies": [
            "aws_s3_bucket.terratask1bucket"
          ]
        }
      ]
    },
    {
      "mode": "managed",
      "type": "aws_security_group",
      "name": "task1-securitygroup",
      "provider": "provider.aws",
      "instances": [
        {
          "schema_version": 1,
          "attributes": {
            "arn": "arn:aws:ec2:ap-south-1:120918629104:security-group/sg-055c69e70beefea60",
            "description": "Managed by Terraform",
            "egress": [
              {
                "cidr_blocks": [
                  "0.0.0.0/0"
                ],
                "description": "",
                "from_port": 0,
                "ipv6_cidr_blocks": [],
                "prefix_list_ids": [],
                "protocol": "-1",
                "security_groups": [],
                "self": false,
                "to_port": 0
              }
            ],
            "id": "sg-055c69e70beefea60",
            "ingress": [
              {
                "cidr_blocks": [
                  "0.0.0.0/0"
                ],
                "description": "",
                "from_port": 22,
                "ipv6_cidr_blocks": [],
                "prefix_list_ids": [],
                "protocol": "tcp",
                "security_groups": [],
                "self": false,
                "to_port": 22
              },
              {
                "cidr_blocks": [
                  "0.0.0.0/0"
                ],
                "description": "",
                "from_port": 80,
                "ipv6_cidr_blocks": [],
                "prefix_list_ids": [],
                "protocol": "tcp",
                "security_groups": [],
                "self": false,
                "to_port": 80
              }
            ],
            "name": "task1-securitygroup",
            "name_prefix": null,
            "owner_id": "120918629104",
            "revoke_rules_on_delete": false,
            "tags": {
              "Name": "task1-securitygroup"
            },
            "timeouts": null,
            "vpc_id": "vpc-35e1fc5d"
          },
          "private": "eyJlMmJmYjczMC1lY2FhLTExZTYtOGY4OC0zNDM2M2JjN2M0YzAiOnsiY3JlYXRlIjo2MDAwMDAwMDAwMDAsImRlbGV0ZSI6NjAwMDAwMDAwMDAwfSwic2NoZW1hX3ZlcnNpb24iOiIxIn0="
        }
      ]
    },
    {
      "mode": "managed",
      "type": "aws_volume_attachment",
      "name": "ebs_attach",
      "provider": "provider.aws",
      "instances": [
        {
          "schema_version": 0,
          "attributes": {
            "device_name": "/dev/sdd",
            "force_detach": true,
            "id": "vai-1225522670",
            "instance_id": "i-00eb3620cb0ebefc0",
            "skip_destroy": null,
            "volume_id": "vol-006054c367df883d3"
          },
          "private": "bnVsbA==",
          "dependencies": [
            "aws_ebs_volume.ebs",
            "aws_instance.firstos1",
            "tls_private_key.key-pair"
          ]
        }
      ]
    },
    {
      "mode": "managed",
      "type": "local_file",
      "name": "save_key",
      "provider": "provider.local",
      "instances": [
        {
          "schema_version": 0,
          "attributes": {
            "content": "-----BEGIN RSA PRIVATE KEY-----\nMIIEpAIBAAKCAQEAvdx/jnf1mrlj2LuHJILHK63NrvmvHzdGByaB9nXG0/mEvVyF\nW6gAzcMAvE3Ldf3hD15tpTHeyc/sFAq1GgOnxSdWM0bIXbt+kJlcX87t5/lBFd8s\nqrYsmfxb4nvlGgvRSaHxCcLWoofXO2tMRo3kxJ7R5nCB0Ybn2F/vpk1/VuX6gKoQ\nzrCBOpPkzq7haC3huLkgyZov5eBd6i29PvcKaTjHkIfO1vvcvIHKzL2zs69rlUrt\nPVT1Je3dhagH3lWgJlOQ5RxmGWfZj+uUJCYtouCXde+Wnno+TBk1QgfOaPlMQXwJ\n5gb/dUdQTsJp8MkD77B+Wq37q72VK4C8np2sBQIDAQABAoIBAQCwNeqpNorbfD7A\nE2QdLcdesaOZRyESbsFut32dWbgcWpOpECqxY57DWb3gBq/UJbnxAqnuzPdCBNjN\nzRZCO6xFHfoyAvrJi8+usrd6MFq7lqmifAw/sG56yC4baPO8FcW7ejJ05cFA/aR0\nAGS9gsoU9nZHUpoZ9gRN3NRWW8zYv2SgYCgXNOf490czMB6ZwjJ/pTS79g+DzqC2\nSg1zGPraPRjA9nPEsZEeK1w69mzk/ZprXMI1Lok4q1wWPiBWHSoG6nrpebk0mzkH\nw9CI4S9XrctcdQpGQex5RSKUub+MDmmZHqQhsvsWPnpGJjrVbRdOW+/ymh6flXXP\n44D9jf5tAoGBAPHUQDZLpYt/ifujnKTpD1ECKbPh2Uy0fHSOR2EWxcjIQRUPv9K7\n2Bh5h2SH0mTcCV6sFD9NWHnRshktBaiFiv7HZ1O+0HgO5l4056JlXGPlUR0kx3Ng\n3JIsyz0W9ygNPY0RLfJ/qeKPhJYzpVbdZ0IrNkd5kYG2vV7Tm9V/TJqrAoGBAMj8\nqdvlIg2D2yvjaTMID9RHD+Sh147pj/eQY4OK0t/T/J8hNP1RSeYtXj9Nhf2AXmXu\nbocbeyTNwo8TwaVEPOT0jlU7helcBi64ybxD8Fow7VvpX+av/10ktuqWR0zGYmqm\nCWPihuT9ujTJE+ui897ekicYFhP80gcKCdxbIdQPAoGARwoG4uxN8TDCI/3oIjmk\nmjN8dK8/2lyawtKY/VhnOZg6Jim+O/WagXYR4+JSV/abeggq2n2qI/8JxoOHSf4Q\n2s9Q9zTyoJIf8kSwVvBXt7DBp0IKpUYrBXXLLmL0r/tTvYDycm42RavLUyRQybe4\ngaOYCl8X83bvIlAfUxRWOIkCgYEAibj4/AFq8C/mQ5C1SY7Aqgl3zodIGlnZmR6L\n0luSXGX6uWAb22mUZfG4n1AT/L218csMWfBu1a1ZIIm9K+4yfAFIdwcun9W7NtDR\nC/zR+juEqnKkkIMRTVYXMXCAsw9N6R6VWKilHszuh7UxvUoQKiwBomBS4KdhlAlA\n8IpSB+kCgYAGuiWI/u3zrMQORcg+HRNHyh6XOBcH5JB17Tb9V3/14M79ZyWQUkKe\nLJ+6IJVRaBqoJtM+vT0p8pxJ8dID+oF0jpGhInwjPHC/MFM4H1gmK8/LCVpsoDZ5\nByTrp3FQUm8ULTdxC140Zsv2yZvP/VaBdNlIH2HowXSzoFDPUfYNxw==\n-----END RSA PRIVATE KEY-----\n",
            "content_base64": null,
            "directory_permission": "0777",
            "file_permission": "0777",
            "filename": "DeepakT1.pem",
            "id": "43fa5492397ae53cdb5d050ad2d630275a0cd007",
            "sensitive_content": null
          },
          "private": "bnVsbA==",
          "dependencies": [
            "tls_private_key.key-pair"
          ]
        }
      ]
    },
    {
      "mode": "managed",
      "type": "null_resource",
      "name": "local1",
      "provider": "provider.null",
      "instances": [
        {
          "schema_version": 0,
          "attributes": {
            "id": "3827353255528161776",
            "triggers": null
          },
          "private": "bnVsbA==",
          "dependencies": [
            "aws_instance.firstos1"
          ]
        }
      ]
    },
    {
      "mode": "managed",
      "type": "null_resource",
      "name": "remote1",
      "provider": "provider.null",
      "instances": [
        {
          "schema_version": 0,
          "attributes": {
            "id": "3186372914613993093",
            "triggers": null
          },
          "dependencies": [
            "aws_ebs_volume.ebs",
            "aws_instance.firstos1",
            "aws_volume_attachment.ebs_attach",
            "tls_private_key.key-pair"
          ]
        }
      ]
    },
    {
      "mode": "managed",
      "type": "tls_private_key",
      "name": "key-pair",
      "provider": "provider.tls",
      "instances": [
        {
          "schema_version": 0,
          "attributes": {
            "algorithm": "RSA",
            "ecdsa_curve": "P224",
            "id": "48316526e5820a116ff3ab1033b7fb94b4df9124",
            "private_key_pem": "-----BEGIN RSA PRIVATE KEY-----\nMIIEpAIBAAKCAQEAvdx/jnf1mrlj2LuHJILHK63NrvmvHzdGByaB9nXG0/mEvVyF\nW6gAzcMAvE3Ldf3hD15tpTHeyc/sFAq1GgOnxSdWM0bIXbt+kJlcX87t5/lBFd8s\nqrYsmfxb4nvlGgvRSaHxCcLWoofXO2tMRo3kxJ7R5nCB0Ybn2F/vpk1/VuX6gKoQ\nzrCBOpPkzq7haC3huLkgyZov5eBd6i29PvcKaTjHkIfO1vvcvIHKzL2zs69rlUrt\nPVT1Je3dhagH3lWgJlOQ5RxmGWfZj+uUJCYtouCXde+Wnno+TBk1QgfOaPlMQXwJ\n5gb/dUdQTsJp8MkD77B+Wq37q72VK4C8np2sBQIDAQABAoIBAQCwNeqpNorbfD7A\nE2QdLcdesaOZRyESbsFut32dWbgcWpOpECqxY57DWb3gBq/UJbnxAqnuzPdCBNjN\nzRZCO6xFHfoyAvrJi8+usrd6MFq7lqmifAw/sG56yC4baPO8FcW7ejJ05cFA/aR0\nAGS9gsoU9nZHUpoZ9gRN3NRWW8zYv2SgYCgXNOf490czMB6ZwjJ/pTS79g+DzqC2\nSg1zGPraPRjA9nPEsZEeK1w69mzk/ZprXMI1Lok4q1wWPiBWHSoG6nrpebk0mzkH\nw9CI4S9XrctcdQpGQex5RSKUub+MDmmZHqQhsvsWPnpGJjrVbRdOW+/ymh6flXXP\n44D9jf5tAoGBAPHUQDZLpYt/ifujnKTpD1ECKbPh2Uy0fHSOR2EWxcjIQRUPv9K7\n2Bh5h2SH0mTcCV6sFD9NWHnRshktBaiFiv7HZ1O+0HgO5l4056JlXGPlUR0kx3Ng\n3JIsyz0W9ygNPY0RLfJ/qeKPhJYzpVbdZ0IrNkd5kYG2vV7Tm9V/TJqrAoGBAMj8\nqdvlIg2D2yvjaTMID9RHD+Sh147pj/eQY4OK0t/T/J8hNP1RSeYtXj9Nhf2AXmXu\nbocbeyTNwo8TwaVEPOT0jlU7helcBi64ybxD8Fow7VvpX+av/10ktuqWR0zGYmqm\nCWPihuT9ujTJE+ui897ekicYFhP80gcKCdxbIdQPAoGARwoG4uxN8TDCI/3oIjmk\nmjN8dK8/2lyawtKY/VhnOZg6Jim+O/WagXYR4+JSV/abeggq2n2qI/8JxoOHSf4Q\n2s9Q9zTyoJIf8kSwVvBXt7DBp0IKpUYrBXXLLmL0r/tTvYDycm42RavLUyRQybe4\ngaOYCl8X83bvIlAfUxRWOIkCgYEAibj4/AFq8C/mQ5C1SY7Aqgl3zodIGlnZmR6L\n0luSXGX6uWAb22mUZfG4n1AT/L218csMWfBu1a1ZIIm9K+4yfAFIdwcun9W7NtDR\nC/zR+juEqnKkkIMRTVYXMXCAsw9N6R6VWKilHszuh7UxvUoQKiwBomBS4KdhlAlA\n8IpSB+kCgYAGuiWI/u3zrMQORcg+HRNHyh6XOBcH5JB17Tb9V3/14M79ZyWQUkKe\nLJ+6IJVRaBqoJtM+vT0p8pxJ8dID+oF0jpGhInwjPHC/MFM4H1gmK8/LCVpsoDZ5\nByTrp3FQUm8ULTdxC140Zsv2yZvP/VaBdNlIH2HowXSzoFDPUfYNxw==\n-----END RSA PRIVATE KEY-----\n",
            "public_key_fingerprint_md5": "42:69:08:40:b1:a8:59:a1:2a:46:a8:e1:86:69:85:07",
            "public_key_openssh": "ssh-rsa AAAAB3NzaC1yc2EAAAADAQABAAABAQC93H+Od/WauWPYu4ckgscrrc2u+a8fN0YHJoH2dcbT+YS9XIVbqADNwwC8Tct1/eEPXm2lMd7Jz+wUCrUaA6fFJ1YzRshdu36QmVxfzu3n+UEV3yyqtiyZ/Fvie+UaC9FJofEJwtaih9c7a0xGjeTEntHmcIHRhufYX++mTX9W5fqAqhDOsIE6k+TOruFoLeG4uSDJmi/l4F3qLb0+9wppOMeQh87W+9y8gcrMvbOzr2uVSu09VPUl7d2FqAfeVaAmU5DlHGYZZ9mP65QkJi2i4Jd175aeej5MGTVCB85o+UxBfAnmBv91R1BOwmnwyQPvsH5arfurvZUrgLyenawF\n",
            "public_key_pem": "-----BEGIN PUBLIC KEY-----\nMIIBIjANBgkqhkiG9w0BAQEFAAOCAQ8AMIIBCgKCAQEAvdx/jnf1mrlj2LuHJILH\nK63NrvmvHzdGByaB9nXG0/mEvVyFW6gAzcMAvE3Ldf3hD15tpTHeyc/sFAq1GgOn\nxSdWM0bIXbt+kJlcX87t5/lBFd8sqrYsmfxb4nvlGgvRSaHxCcLWoofXO2tMRo3k\nxJ7R5nCB0Ybn2F/vpk1/VuX6gKoQzrCBOpPkzq7haC3huLkgyZov5eBd6i29PvcK\naTjHkIfO1vvcvIHKzL2zs69rlUrtPVT1Je3dhagH3lWgJlOQ5RxmGWfZj+uUJCYt\nouCXde+Wnno+TBk1QgfOaPlMQXwJ5gb/dUdQTsJp8MkD77B+Wq37q72VK4C8np2s\nBQIDAQAB\n-----END PUBLIC KEY-----\n",
            "rsa_bits": 2048
          },
          "private": "bnVsbA=="
        }
      ]
    }
  ]
}
